
Microsoft Visual Studio Solution File, Format Version 12.00
# Visual Studio 15
VisualStudioVersion = 15.0.28307.136
MinimumVisualStudioVersion = 10.0.40219.1
Project("{FAE04EC0-301F-11D3-BF4B-00C04F79EFBC}") = "WebSocket.Net", "WebSocket.Net\WebSocket.Net.csproj", "{8FFE01DE-44F7-45B1-8AA9-C955974925F5}"
EndProject
Project("{FAE04EC0-301F-11D3-BF4B-00C04F79EFBC}") = "WebSocket.Net.Server", "WebSocket.Net.Server\WebSocket.Net.Server.csproj", "{174A3498-E295-4708-B1BD-5B306B695CAF}"
EndProject
Global
	GlobalSection(SolutionConfigurationPlatforms) = preSolution
		Debug|Any CPU = Debug|Any CPU
		Release|Any CPU = Release|Any CPU
	EndGlobalSection
	GlobalSection(ProjectConfigurationPlatforms) = postSolution
		{8FFE01DE-44F7-45B1-8AA9-C955974925F5}.Debug|Any CPU.ActiveCfg = Debug|Any CPU
		{8FFE01DE-44F7-45B1-8AA9-C955974925F5}.Debug|Any CPU.Build.0 = Debug|Any CPU
		{8FFE01DE-44F7-45B1-8AA9-C955974925F5}.Release|Any CPU.ActiveCfg = Release|Any CPU
		{8FFE01DE-44F7-45B1-8AA9-C955974925F5}.Release|Any CPU.Build.0 = Release|Any CPU
		{174A3498-E295-4708-B1BD-5B306B695CAF}.Debug|Any CPU.ActiveCfg = Debug|Any CPU
		{174A3498-E295-4708-B1BD-5B306B695CAF}.Debug|Any CPU.Build.0 = Debug|Any CPU
		{174A3498-E295-4708-B1BD-5B306B695CAF}.Release|Any CPU.ActiveCfg = Release|Any CPU
		{174A3498-E295-4708-B1BD-5B306B695CAF}.Release|Any CPU.Build.0 = Release|Any CPU
	EndGlobalSection
	GlobalSection(SolutionProperties) = preSolution
		HideSolutionNode = FALSE
	EndGlobalSection
	GlobalSection(ExtensibilityGlobals) = postSolution
		SolutionGuid = {19549211-D97F-40BA-BB67-13EB33479FF8}
	EndGlobalSection
EndGlobal
